{
  "name": "ascetext-plugin-code",
  "version": "0.2.2",
  "lockfileVersion": 3,
  "requires": true,
  "packages": {
    "": {
      "name": "ascetext-plugin-code",
      "version": "0.2.2",
      "license": "MIT",
      "peerDependencies": {
        "ascetext": "^0.10.1-rc"
      }
    },
    "node_modules/ascetext": {
      "version": "0.10.1-rc",
      "resolved": "https://registry.npmjs.org/ascetext/-/ascetext-0.10.1-rc.tgz",
      "integrity": "sha512-174DzU8QsSrGuxEZz4AaJJJceA+R0KpdQ0D7b0jcbomiS0tGn7w0FHonn9LbJmcGpmc5I0HAcxHGW4r0p/lVhw==",
      "peer": true
    }
  }
}
