{
  "name": "ascetext-plugin-code",
  "version": "0.2.4",
  "lockfileVersion": 3,
  "requires": true,
  "packages": {
    "": {
      "name": "ascetext-plugin-code",
      "version": "0.2.4",
      "license": "MIT",
      "peerDependencies": {
        "ascetext": "^0.10.2"
      }
    },
    "node_modules/ascetext": {
      "version": "0.10.2",
      "resolved": "https://registry.npmjs.org/ascetext/-/ascetext-0.10.2.tgz",
      "integrity": "sha512-8Aty5USPt7PEEo/9W0vsV+Sjht9G9ZojxXzfIw9QnCeGWNYGV0sC+7YxdXssJRkt15XTrWw4EaxF8ExVaymQ6w==",
      "peer": true
    }
  }
}
