{
  "name": "ascetext-plugin-code",
  "version": "0.2.0",
  "lockfileVersion": 3,
  "requires": true,
  "packages": {
    "": {
      "name": "ascetext-plugin-code",
      "version": "0.2.0",
      "license": "MIT",
      "peerDependencies": {
        "ascetext": "^0.10.0-rc"
      }
    },
    "node_modules/ascetext": {
      "version": "0.10.0-rc",
      "resolved": "https://registry.npmjs.org/ascetext/-/ascetext-0.10.0-rc.tgz",
      "integrity": "sha512-8xL4pODdvpWA+0ejV/XU9UrL44oF1IsMPo1tyXNehVEdZisK/9dvlds9slaOIvMBZ/ZY6QZsbi0OjHh7IVCXqQ==",
      "peer": true
    }
  }
}
